
Microsoft Visual Studio Solution File, Format Version 12.00
# Visual Studio Version 16
VisualStudioVersion = 16.0.29709.97
MinimumVisualStudioVersion = 10.0.40219.1
Project("{FAE04EC0-301F-11D3-BF4B-00C04F79EFBC}") = "MessageMedia.Numbers", "MessageMedia.Numbers.csproj", "{B91AF640-AEF4-4083-94DA-068DC85DC1F3}"
EndProject
Global
	GlobalSection(SolutionConfigurationPlatforms) = preSolution
		Debug|Any CPU = Debug|Any CPU
		Release|Any CPU = Release|Any CPU
	EndGlobalSection
	GlobalSection(ProjectConfigurationPlatforms) = postSolution
		{B91AF640-AEF4-4083-94DA-068DC85DC1F3}.Debug|Any CPU.ActiveCfg = Debug|Any CPU
		{B91AF640-AEF4-4083-94DA-068DC85DC1F3}.Debug|Any CPU.Build.0 = Debug|Any CPU
		{B91AF640-AEF4-4083-94DA-068DC85DC1F3}.Release|Any CPU.ActiveCfg = Release|Any CPU
		{B91AF640-AEF4-4083-94DA-068DC85DC1F3}.Release|Any CPU.Build.0 = Release|Any CPU
	EndGlobalSection
	GlobalSection(SolutionProperties) = preSolution
		HideSolutionNode = FALSE
	EndGlobalSection
	GlobalSection(ExtensibilityGlobals) = postSolution
		SolutionGuid = {DFCA2301-BD84-469C-95D1-65C0808D3E3A}
	EndGlobalSection
EndGlobal
